{
  "name": "@rustyroad/editor",
  "version": "0.2.12",
  "lockfileVersion": 3,
  "requires": true,
  "packages": {
    "": {
      "name": "@rustyroad/editor",
      "version": "0.2.12",
      "license": "MIT",
      "dependencies": {
        "@stripe/stripe-js": "^7.0.0",
        "css": "^3.0.0",
        "grapesjs": "^0.22.6",
        "grapesjs-component-code-editor": "^1.0.20",
        "grapesjs-custom-code": "^1.0.2",
        "grapesjs-plugin-forms": "^2.0.6",
        "grapesjs-script-editor": "^1.0.3",
        "grapesjs-style-filter": "^1.0.2",
        "grapesjs-tailwind": "^1.0.10",
        "grapesjs-tooltip": "^0.1.8",
        "stripe": "^18.0.0"
      }
    },
    "node_modules/@stripe/stripe-js": {
      "version": "7.0.0",
      "resolved": "https://registry.npmjs.org/@stripe/stripe-js/-/stripe-js-7.0.0.tgz",
      "integrity": "sha512-0AWkP+hoIXB5O34FGY7jh687ZPlOqLqMkJDkiSXcp4TaWWidnxjsZSp0xkjyAWbIz4+j1BFXDAK01Rqb7ceBRA==",
      "license": "MIT",
      "engines": {
        "node": ">=12.16"
      }
    },
    "node_modules/@types/backbone": {
      "version": "1.4.15",
      "license": "MIT",
      "dependencies": {
        "@types/jquery": "*",
        "@types/underscore": "*"
      }
    },
    "node_modules/@types/jquery": {
      "version": "3.5.30",
      "license": "MIT",
      "dependencies": {
        "@types/sizzle": "*"
      }
    },
    "node_modules/@types/node": {
      "version": "20.14.9",
      "license": "MIT",
      "dependencies": {
        "undici-types": "~5.26.4"
      }
    },
    "node_modules/@types/sizzle": {
      "version": "2.3.8",
      "license": "MIT"
    },
    "node_modules/@types/underscore": {
      "version": "1.11.15",
      "license": "MIT"
    },
    "node_modules/atob": {
      "version": "2.1.2",
      "license": "(MIT OR Apache-2.0)",
      "bin": {
        "atob": "bin/atob.js"
      },
      "engines": {
        "node": ">= 4.5.0"
      }
    },
    "node_modules/backbone": {
      "version": "1.4.1",
      "license": "MIT",
      "dependencies": {
        "underscore": ">=1.8.3"
      }
    },
    "node_modules/backbone-undo": {
      "version": "0.2.6",
      "license": "MIT",
      "dependencies": {
        "backbone": ">=1.0.0",
        "underscore": ">=1.4.4"
      }
    },
    "node_modules/call-bind": {
      "version": "1.0.7",
      "license": "MIT",
      "dependencies": {
        "es-define-property": "^1.0.0",
        "es-errors": "^1.3.0",
        "function-bind": "^1.1.2",
        "get-intrinsic": "^1.2.4",
        "set-function-length": "^1.2.1"
      },
      "engines": {
        "node": ">= 0.4"
      },
      "funding": {
        "url": "https://github.com/sponsors/ljharb"
      }
    },
    "node_modules/codemirror": {
      "version": "5.63.0",
      "license": "MIT"
    },
    "node_modules/codemirror-formatting": {
      "version": "1.0.0",
      "license": "MIT"
    },
    "node_modules/css": {
      "version": "3.0.0",
      "license": "MIT",
      "dependencies": {
        "inherits": "^2.0.4",
        "source-map": "^0.6.1",
        "source-map-resolve": "^0.6.0"
      }
    },
    "node_modules/decode-uri-component": {
      "version": "0.2.2",
      "license": "MIT",
      "engines": {
        "node": ">=0.10"
      }
    },
    "node_modules/define-data-property": {
      "version": "1.1.4",
      "license": "MIT",
      "dependencies": {
        "es-define-property": "^1.0.0",
        "es-errors": "^1.3.0",
        "gopd": "^1.0.1"
      },
      "engines": {
        "node": ">= 0.4"
      },
      "funding": {
        "url": "https://github.com/sponsors/ljharb"
      }
    },
    "node_modules/es-define-property": {
      "version": "1.0.0",
      "license": "MIT",
      "dependencies": {
        "get-intrinsic": "^1.2.4"
      },
      "engines": {
        "node": ">= 0.4"
      }
    },
    "node_modules/es-errors": {
      "version": "1.3.0",
      "license": "MIT",
      "engines": {
        "node": ">= 0.4"
      }
    },
    "node_modules/function-bind": {
      "version": "1.1.2",
      "license": "MIT",
      "funding": {
        "url": "https://github.com/sponsors/ljharb"
      }
    },
    "node_modules/get-intrinsic": {
      "version": "1.2.4",
      "license": "MIT",
      "dependencies": {
        "es-errors": "^1.3.0",
        "function-bind": "^1.1.2",
        "has-proto": "^1.0.1",
        "has-symbols": "^1.0.3",
        "hasown": "^2.0.0"
      },
      "engines": {
        "node": ">= 0.4"
      },
      "funding": {
        "url": "https://github.com/sponsors/ljharb"
      }
    },
    "node_modules/gopd": {
      "version": "1.0.1",
      "license": "MIT",
      "dependencies": {
        "get-intrinsic": "^1.1.3"
      },
      "funding": {
        "url": "https://github.com/sponsors/ljharb"
      }
    },
    "node_modules/grapesjs": {
      "version": "0.22.6",
      "license": "BSD-3-Clause",
      "dependencies": {
        "@types/backbone": "1.4.15",
        "backbone": "1.4.1",
        "backbone-undo": "0.2.6",
        "codemirror": "5.63.0",
        "codemirror-formatting": "1.0.0",
        "html-entities": "~1.4.0",
        "promise-polyfill": "8.3.0",
        "underscore": "1.13.1"
      }
    },
    "node_modules/grapesjs-component-code-editor": {
      "version": "1.0.20",
      "license": "MIT",
      "dependencies": {
        "split.js": "^1.6.2"
      }
    },
    "node_modules/grapesjs-custom-code": {
      "version": "1.0.2",
      "license": "BSD-3-Clause"
    },
    "node_modules/grapesjs-plugin-forms": {
      "version": "2.0.6",
      "license": "BSD-3-Clause"
    },
    "node_modules/grapesjs-script-editor": {
      "version": "1.0.3",
      "license": "MIT"
    },
    "node_modules/grapesjs-style-filter": {
      "version": "1.0.2",
      "license": "BSD-3-Clause"
    },
    "node_modules/grapesjs-tailwind": {
      "version": "1.0.11",
      "license": "MIT",
      "dependencies": {
        "css": "^3.0.0"
      }
    },
    "node_modules/grapesjs-tooltip": {
      "version": "0.1.8",
      "license": "BSD-3-Clause"
    },
    "node_modules/grapesjs/node_modules/underscore": {
      "version": "1.13.1",
      "license": "MIT"
    },
    "node_modules/has-property-descriptors": {
      "version": "1.0.2",
      "license": "MIT",
      "dependencies": {
        "es-define-property": "^1.0.0"
      },
      "funding": {
        "url": "https://github.com/sponsors/ljharb"
      }
    },
    "node_modules/has-proto": {
      "version": "1.0.3",
      "license": "MIT",
      "engines": {
        "node": ">= 0.4"
      },
      "funding": {
        "url": "https://github.com/sponsors/ljharb"
      }
    },
    "node_modules/has-symbols": {
      "version": "1.0.3",
      "license": "MIT",
      "engines": {
        "node": ">= 0.4"
      },
      "funding": {
        "url": "https://github.com/sponsors/ljharb"
      }
    },
    "node_modules/hasown": {
      "version": "2.0.2",
      "license": "MIT",
      "dependencies": {
        "function-bind": "^1.1.2"
      },
      "engines": {
        "node": ">= 0.4"
      }
    },
    "node_modules/html-entities": {
      "version": "1.4.0",
      "license": "MIT"
    },
    "node_modules/inherits": {
      "version": "2.0.4",
      "license": "ISC"
    },
    "node_modules/object-inspect": {
      "version": "1.13.2",
      "license": "MIT",
      "engines": {
        "node": ">= 0.4"
      },
      "funding": {
        "url": "https://github.com/sponsors/ljharb"
      }
    },
    "node_modules/promise-polyfill": {
      "version": "8.3.0",
      "license": "MIT"
    },
    "node_modules/qs": {
      "version": "6.13.0",
      "resolved": "https://registry.npmjs.org/qs/-/qs-6.13.0.tgz",
      "integrity": "sha512-+38qI9SOr8tfZ4QmJNplMUxqjbe7LKvvZgWdExBOmd+egZTtjLB67Gu0HRX3u/XOq7UU2Nx6nsjvS16Z9uwfpg==",
      "license": "BSD-3-Clause",
      "dependencies": {
        "side-channel": "^1.0.6"
      },
      "engines": {
        "node": ">=0.6"
      },
      "funding": {
        "url": "https://github.com/sponsors/ljharb"
      }
    },
    "node_modules/set-function-length": {
      "version": "1.2.2",
      "license": "MIT",
      "dependencies": {
        "define-data-property": "^1.1.4",
        "es-errors": "^1.3.0",
        "function-bind": "^1.1.2",
        "get-intrinsic": "^1.2.4",
        "gopd": "^1.0.1",
        "has-property-descriptors": "^1.0.2"
      },
      "engines": {
        "node": ">= 0.4"
      }
    },
    "node_modules/side-channel": {
      "version": "1.0.6",
      "license": "MIT",
      "dependencies": {
        "call-bind": "^1.0.7",
        "es-errors": "^1.3.0",
        "get-intrinsic": "^1.2.4",
        "object-inspect": "^1.13.1"
      },
      "engines": {
        "node": ">= 0.4"
      },
      "funding": {
        "url": "https://github.com/sponsors/ljharb"
      }
    },
    "node_modules/source-map": {
      "version": "0.6.1",
      "license": "BSD-3-Clause",
      "engines": {
        "node": ">=0.10.0"
      }
    },
    "node_modules/source-map-resolve": {
      "version": "0.6.0",
      "license": "MIT",
      "dependencies": {
        "atob": "^2.1.2",
        "decode-uri-component": "^0.2.0"
      }
    },
    "node_modules/split.js": {
      "version": "1.6.5",
      "license": "MIT"
    },
    "node_modules/stripe": {
      "version": "18.0.0",
      "license": "MIT",
      "dependencies": {
        "@types/node": ">=8.1.0",
        "qs": "^6.11.0"
      },
      "engines": {
        "node": ">=12.*"
      }
    },
    "node_modules/underscore": {
      "version": "1.13.6",
      "license": "MIT"
    },
    "node_modules/undici-types": {
      "version": "5.26.5",
      "license": "MIT"
    }
  }
}
